# This file is generated by running "yarn install" inside your project.
# Manual changes might be lost - proceed with caution!

__metadata:
  version: 6
  cacheKey: 8

"@discoveryjs/json-ext@npm:^0.5.0":
  version: 0.5.7
  resolution: "@discoveryjs/json-ext@npm:0.5.7"
  checksum: 2176d301cc258ea5c2324402997cf8134ebb212469c0d397591636cea8d3c02f2b3cf9fd58dcb748c7a0dade77ebdc1b10284fa63e608c033a1db52fddc69918
  languageName: node
  linkType: hard

"@webpack-cli/configtest@npm:^2.1.1":
  version: 2.1.1
  resolution: "@webpack-cli/configtest@npm:2.1.1"
  peerDependencies:
    webpack: 5.x.x
    webpack-cli: 5.x.x
  checksum: 9f9f9145c2d05471fc83d426db1df85cf49f329836b0c4b9f46b6948bed4b013464c00622b136d2a0a26993ce2306976682592245b08ee717500b1db45009a72
  languageName: node
  linkType: hard

"@webpack-cli/info@npm:^2.0.2":
  version: 2.0.2
  resolution: "@webpack-cli/info@npm:2.0.2"
  peerDependencies:
    webpack: 5.x.x
    webpack-cli: 5.x.x
  checksum: 8f9a178afca5c82e113aed1efa552d64ee5ae4fdff63fe747c096a981ec74f18a5d07bd6e89bbe6715c3e57d96eea024a410e58977169489fe1df044c10dd94e
  languageName: node
  linkType: hard

"@webpack-cli/serve@npm:^2.0.5":
  version: 2.0.5
  resolution: "@webpack-cli/serve@npm:2.0.5"
  peerDependencies:
    webpack: 5.x.x
    webpack-cli: 5.x.x
  peerDependenciesMeta:
    webpack-dev-server:
      optional: true
  checksum: 75f0e54681796d567a71ac3e2781d2901a8d8cf1cdfc82f261034dddac59a8343e8c3bc5e32b4bb9d6766759ba49fb29a5cd86ef1701d79c506fe886bb63ac75
  languageName: node
  linkType: hard

"clone-deep@npm:^4.0.1":
  version: 4.0.1
  resolution: "clone-deep@npm:4.0.1"
  dependencies:
    is-plain-object: ^2.0.4
    kind-of: ^6.0.2
    shallow-clone: ^3.0.0
  checksum: 770f912fe4e6f21873c8e8fbb1e99134db3b93da32df271d00589ea4a29dbe83a9808a322c93f3bcaf8584b8b4fa6fc269fc8032efbaa6728e0c9886c74467d2
  languageName: node
  linkType: hard

"colorette@npm:^2.0.14":
  version: 2.0.20
  resolution: "colorette@npm:2.0.20"
  checksum: 0c016fea2b91b733eb9f4bcdb580018f52c0bc0979443dad930e5037a968237ac53d9beb98e218d2e9235834f8eebce7f8e080422d6194e957454255bde71d3d
  languageName: node
  linkType: hard

"commander@npm:^10.0.1":
  version: 10.0.1
  resolution: "commander@npm:10.0.1"
  checksum: 436901d64a818295803c1996cd856621a74f30b9f9e28a588e726b2b1670665bccd7c1a77007ebf328729f0139838a88a19265858a0fa7a8728c4656796db948
  languageName: node
  linkType: hard

"cross-spawn@npm:^7.0.3":
  version: 7.0.3
  resolution: "cross-spawn@npm:7.0.3"
  dependencies:
    path-key: ^3.1.0
    shebang-command: ^2.0.0
    which: ^2.0.1
  checksum: 671cc7c7288c3a8406f3c69a3ae2fc85555c04169e9d611def9a675635472614f1c0ed0ef80955d5b6d4e724f6ced67f0ad1bb006c2ea643488fcfef994d7f52
  languageName: node
  linkType: hard

"envinfo@npm:^7.7.3":
  version: 7.10.0
  resolution: "envinfo@npm:7.10.0"
  bin:
    envinfo: dist/cli.js
  checksum: 05e81a5768c42cbd5c580dc3f274db3401facadd53e9bd52e2aa49dfbb5d8b26f6181c25a6652d79618a6994185bd2b1c137673101690b147f758e4e71d42f7d
  languageName: node
  linkType: hard

"fastest-levenshtein@npm:^1.0.12":
  version: 1.0.16
  resolution: "fastest-levenshtein@npm:1.0.16"
  checksum: a78d44285c9e2ae2c25f3ef0f8a73f332c1247b7ea7fb4a191e6bb51aa6ee1ef0dfb3ed113616dcdc7023e18e35a8db41f61c8d88988e877cf510df8edafbc71
  languageName: node
  linkType: hard

"find-up@npm:^4.0.0":
  version: 4.1.0
  resolution: "find-up@npm:4.1.0"
  dependencies:
    locate-path: ^5.0.0
    path-exists: ^4.0.0
  checksum: 4c172680e8f8c1f78839486e14a43ef82e9decd0e74145f40707cc42e7420506d5ec92d9a11c22bd2c48fb0c384ea05dd30e10dd152fefeec6f2f75282a8b844
  languageName: node
  linkType: hard

"function-bind@npm:^1.1.1":
  version: 1.1.1
  resolution: "function-bind@npm:1.1.1"
  checksum: b32fbaebb3f8ec4969f033073b43f5c8befbb58f1a79e12f1d7490358150359ebd92f49e72ff0144f65f2c48ea2a605bff2d07965f548f6474fd8efd95bf361a
  languageName: node
  linkType: hard

"has@npm:^1.0.3":
  version: 1.0.3
  resolution: "has@npm:1.0.3"
  dependencies:
    function-bind: ^1.1.1
  checksum: b9ad53d53be4af90ce5d1c38331e712522417d017d5ef1ebd0507e07c2fbad8686fffb8e12ddecd4c39ca9b9b47431afbb975b8abf7f3c3b82c98e9aad052792
  languageName: node
  linkType: hard

"import-local@npm:^3.0.2":
  version: 3.1.0
  resolution: "import-local@npm:3.1.0"
  dependencies:
    pkg-dir: ^4.2.0
    resolve-cwd: ^3.0.0
  bin:
    import-local-fixture: fixtures/cli.js
  checksum: bfcdb63b5e3c0e245e347f3107564035b128a414c4da1172a20dc67db2504e05ede4ac2eee1252359f78b0bfd7b19ef180aec427c2fce6493ae782d73a04cddd
  languageName: node
  linkType: hard

"interpret@npm:^3.1.1":
  version: 3.1.1
  resolution: "interpret@npm:3.1.1"
  checksum: 35cebcf48c7351130437596d9ab8c8fe131ce4038da4561e6d665f25640e0034702a031cf7e3a5cea60ac7ac548bf17465e0571ede126f3d3a6933152171ac82
  languageName: node
  linkType: hard

"is-core-module@npm:^2.12.0":
  version: 2.12.1
  resolution: "is-core-module@npm:2.12.1"
  dependencies:
    has: ^1.0.3
  checksum: f04ea30533b5e62764e7b2e049d3157dc0abd95ef44275b32489ea2081176ac9746ffb1cdb107445cf1ff0e0dfcad522726ca27c27ece64dadf3795428b8e468
  languageName: node
  linkType: hard

"is-plain-object@npm:^2.0.4":
  version: 2.0.4
  resolution: "is-plain-object@npm:2.0.4"
  dependencies:
    isobject: ^3.0.1
  checksum: 2a401140cfd86cabe25214956ae2cfee6fbd8186809555cd0e84574f88de7b17abacb2e477a6a658fa54c6083ecbda1e6ae404c7720244cd198903848fca70ca
  languageName: node
  linkType: hard

"isexe@npm:^2.0.0":
  version: 2.0.0
  resolution: "isexe@npm:2.0.0"
  checksum: 26bf6c5480dda5161c820c5b5c751ae1e766c587b1f951ea3fcfc973bafb7831ae5b54a31a69bd670220e42e99ec154475025a468eae58ea262f813fdc8d1c62
  languageName: node
  linkType: hard

"isobject@npm:^3.0.1":
  version: 3.0.1
  resolution: "isobject@npm:3.0.1"
  checksum: db85c4c970ce30693676487cca0e61da2ca34e8d4967c2e1309143ff910c207133a969f9e4ddb2dc6aba670aabce4e0e307146c310350b298e74a31f7d464703
  languageName: node
  linkType: hard

"jui@workspace:.":
  version: 0.0.0-use.local
  resolution: "jui@workspace:."
  dependencies:
    webpack-cli: ^5.1.4
  languageName: unknown
  linkType: soft

"kind-of@npm:^6.0.2":
  version: 6.0.3
  resolution: "kind-of@npm:6.0.3"
  checksum: 3ab01e7b1d440b22fe4c31f23d8d38b4d9b91d9f291df683476576493d5dfd2e03848a8b05813dd0c3f0e835bc63f433007ddeceb71f05cb25c45ae1b19c6d3b
  languageName: node
  linkType: hard

"locate-path@npm:^5.0.0":
  version: 5.0.0
  resolution: "locate-path@npm:5.0.0"
  dependencies:
    p-locate: ^4.1.0
  checksum: 83e51725e67517287d73e1ded92b28602e3ae5580b301fe54bfb76c0c723e3f285b19252e375712316774cf52006cb236aed5704692c32db0d5d089b69696e30
  languageName: node
  linkType: hard

"p-limit@npm:^2.2.0":
  version: 2.3.0
  resolution: "p-limit@npm:2.3.0"
  dependencies:
    p-try: ^2.0.0
  checksum: 84ff17f1a38126c3314e91ecfe56aecbf36430940e2873dadaa773ffe072dc23b7af8e46d4b6485d302a11673fe94c6b67ca2cfbb60c989848b02100d0594ac1
  languageName: node
  linkType: hard

"p-locate@npm:^4.1.0":
  version: 4.1.0
  resolution: "p-locate@npm:4.1.0"
  dependencies:
    p-limit: ^2.2.0
  checksum: 513bd14a455f5da4ebfcb819ef706c54adb09097703de6aeaa5d26fe5ea16df92b48d1ac45e01e3944ce1e6aa2a66f7f8894742b8c9d6e276e16cd2049a2b870
  languageName: node
  linkType: hard

"p-try@npm:^2.0.0":
  version: 2.2.0
  resolution: "p-try@npm:2.2.0"
  checksum: f8a8e9a7693659383f06aec604ad5ead237c7a261c18048a6e1b5b85a5f8a067e469aa24f5bc009b991ea3b058a87f5065ef4176793a200d4917349881216cae
  languageName: node
  linkType: hard

"path-exists@npm:^4.0.0":
  version: 4.0.0
  resolution: "path-exists@npm:4.0.0"
  checksum: 505807199dfb7c50737b057dd8d351b82c033029ab94cb10a657609e00c1bc53b951cfdbccab8de04c5584d5eff31128ce6afd3db79281874a5ef2adbba55ed1
  languageName: node
  linkType: hard

"path-key@npm:^3.1.0":
  version: 3.1.1
  resolution: "path-key@npm:3.1.1"
  checksum: 55cd7a9dd4b343412a8386a743f9c746ef196e57c823d90ca3ab917f90ab9f13dd0ded27252ba49dbdfcab2b091d998bc446f6220cd3cea65db407502a740020
  languageName: node
  linkType: hard

"path-parse@npm:^1.0.7":
  version: 1.0.7
  resolution: "path-parse@npm:1.0.7"
  checksum: 49abf3d81115642938a8700ec580da6e830dde670be21893c62f4e10bd7dd4c3742ddc603fe24f898cba7eb0c6bc1777f8d9ac14185d34540c6d4d80cd9cae8a
  languageName: node
  linkType: hard

"pkg-dir@npm:^4.2.0":
  version: 4.2.0
  resolution: "pkg-dir@npm:4.2.0"
  dependencies:
    find-up: ^4.0.0
  checksum: 9863e3f35132bf99ae1636d31ff1e1e3501251d480336edb1c211133c8d58906bed80f154a1d723652df1fda91e01c7442c2eeaf9dc83157c7ae89087e43c8d6
  languageName: node
  linkType: hard

"rechoir@npm:^0.8.0":
  version: 0.8.0
  resolution: "rechoir@npm:0.8.0"
  dependencies:
    resolve: ^1.20.0
  checksum: ad3caed8afdefbc33fbc30e6d22b86c35b3d51c2005546f4e79bcc03c074df804b3640ad18945e6bef9ed12caedc035655ec1082f64a5e94c849ff939dc0a788
  languageName: node
  linkType: hard

"resolve-cwd@npm:^3.0.0":
  version: 3.0.0
  resolution: "resolve-cwd@npm:3.0.0"
  dependencies:
    resolve-from: ^5.0.0
  checksum: 546e0816012d65778e580ad62b29e975a642989108d9a3c5beabfb2304192fa3c9f9146fbdfe213563c6ff51975ae41bac1d3c6e047dd9572c94863a057b4d81
  languageName: node
  linkType: hard

"resolve-from@npm:^5.0.0":
  version: 5.0.0
  resolution: "resolve-from@npm:5.0.0"
  checksum: 4ceeb9113e1b1372d0cd969f3468fa042daa1dd9527b1b6bb88acb6ab55d8b9cd65dbf18819f9f9ddf0db804990901dcdaade80a215e7b2c23daae38e64f5bdf
  languageName: node
  linkType: hard

"resolve@npm:^1.20.0":
  version: 1.22.3
  resolution: "resolve@npm:1.22.3"
  dependencies:
    is-core-module: ^2.12.0
    path-parse: ^1.0.7
    supports-preserve-symlinks-flag: ^1.0.0
  bin:
    resolve: bin/resolve
  checksum: fb834b81348428cb545ff1b828a72ea28feb5a97c026a1cf40aa1008352c72811ff4d4e71f2035273dc536dcfcae20c13604ba6283c612d70fa0b6e44519c374
  languageName: node
  linkType: hard

"resolve@patch:resolve@^1.20.0#~builtin<compat/resolve>":
  version: 1.22.3
  resolution: "resolve@patch:resolve@npm%3A1.22.3#~builtin<compat/resolve>::version=1.22.3&hash=c3c19d"
  dependencies:
    is-core-module: ^2.12.0
    path-parse: ^1.0.7
    supports-preserve-symlinks-flag: ^1.0.0
  bin:
    resolve: bin/resolve
  checksum: ad59734723b596d0891321c951592ed9015a77ce84907f89c9d9307dd0c06e11a67906a3e628c4cae143d3e44898603478af0ddeb2bba3f229a9373efe342665
  languageName: node
  linkType: hard

"shallow-clone@npm:^3.0.0":
  version: 3.0.1
  resolution: "shallow-clone@npm:3.0.1"
  dependencies:
    kind-of: ^6.0.2
  checksum: 39b3dd9630a774aba288a680e7d2901f5c0eae7b8387fc5c8ea559918b29b3da144b7bdb990d7ccd9e11be05508ac9e459ce51d01fd65e583282f6ffafcba2e7
  languageName: node
  linkType: hard

"shebang-command@npm:^2.0.0":
  version: 2.0.0
  resolution: "shebang-command@npm:2.0.0"
  dependencies:
    shebang-regex: ^3.0.0
  checksum: 6b52fe87271c12968f6a054e60f6bde5f0f3d2db483a1e5c3e12d657c488a15474121a1d55cd958f6df026a54374ec38a4a963988c213b7570e1d51575cea7fa
  languageName: node
  linkType: hard

"shebang-regex@npm:^3.0.0":
  version: 3.0.0
  resolution: "shebang-regex@npm:3.0.0"
  checksum: 1a2bcae50de99034fcd92ad4212d8e01eedf52c7ec7830eedcf886622804fe36884278f2be8be0ea5fde3fd1c23911643a4e0f726c8685b61871c8908af01222
  languageName: node
  linkType: hard

"supports-preserve-symlinks-flag@npm:^1.0.0":
  version: 1.0.0
  resolution: "supports-preserve-symlinks-flag@npm:1.0.0"
  checksum: 53b1e247e68e05db7b3808b99b892bd36fb096e6fba213a06da7fab22045e97597db425c724f2bbd6c99a3c295e1e73f3e4de78592289f38431049e1277ca0ae
  languageName: node
  linkType: hard

"webpack-cli@npm:^5.1.4":
  version: 5.1.4
  resolution: "webpack-cli@npm:5.1.4"
  dependencies:
    "@discoveryjs/json-ext": ^0.5.0
    "@webpack-cli/configtest": ^2.1.1
    "@webpack-cli/info": ^2.0.2
    "@webpack-cli/serve": ^2.0.5
    colorette: ^2.0.14
    commander: ^10.0.1
    cross-spawn: ^7.0.3
    envinfo: ^7.7.3
    fastest-levenshtein: ^1.0.12
    import-local: ^3.0.2
    interpret: ^3.1.1
    rechoir: ^0.8.0
    webpack-merge: ^5.7.3
  peerDependencies:
    webpack: 5.x.x
  peerDependenciesMeta:
    "@webpack-cli/generators":
      optional: true
    webpack-bundle-analyzer:
      optional: true
    webpack-dev-server:
      optional: true
  bin:
    webpack-cli: bin/cli.js
  checksum: 3a4ad0d0342a6815c850ee4633cc2a8a5dae04f918e7847f180bf24ab400803cf8a8943707ffbed03eb20fe6ce647f996f60a2aade87b0b4a9954da3da172ce0
  languageName: node
  linkType: hard

"webpack-merge@npm:^5.7.3":
  version: 5.9.0
  resolution: "webpack-merge@npm:5.9.0"
  dependencies:
    clone-deep: ^4.0.1
    wildcard: ^2.0.0
  checksum: 64fe2c23aacc5f19684452a0e84ec02c46b990423aee6fcc5c18d7d471155bd14e9a6adb02bd3656eb3e0ac2532c8e97d69412ad14c97eeafe32fa6d10050872
  languageName: node
  linkType: hard

"which@npm:^2.0.1":
  version: 2.0.2
  resolution: "which@npm:2.0.2"
  dependencies:
    isexe: ^2.0.0
  bin:
    node-which: ./bin/node-which
  checksum: 1a5c563d3c1b52d5f893c8b61afe11abc3bab4afac492e8da5bde69d550de701cf9806235f20a47b5c8fa8a1d6a9135841de2596535e998027a54589000e66d1
  languageName: node
  linkType: hard

"wildcard@npm:^2.0.0":
  version: 2.0.1
  resolution: "wildcard@npm:2.0.1"
  checksum: e0c60a12a219e4b12065d1199802d81c27b841ed6ad6d9d28240980c73ceec6f856771d575af367cbec2982d9ae7838759168b551776577f155044f5a5ba843c
  languageName: node
  linkType: hard
